
Microsoft Visual Studio Solution File, Format Version 11.00
# Visual Studio 2010
Project("{FAE04EC0-301F-11D3-BF4B-00C04F79EFBC}") = "Ex1", "Ex1\Ex1.csproj", "{8B02C060-968E-4139-9209-8FF49073D022}"
EndProject
Project("{FAE04EC0-301F-11D3-BF4B-00C04F79EFBC}") = "Ex2", "Ex2\Ex2.csproj", "{A170DA9F-29F3-415F-BCFD-4914F301250D}"
EndProject
Project("{FAE04EC0-301F-11D3-BF4B-00C04F79EFBC}") = "Ex3", "Ex3\Ex3.csproj", "{36614388-0EE9-4C58-BFBB-DD7674641CBB}"
EndProject
Project("{FAE04EC0-301F-11D3-BF4B-00C04F79EFBC}") = "Ex4", "Ex4\Ex4.csproj", "{49405BB5-63B9-44A2-BF8C-B4719382E0ED}"
EndProject
Project("{FAE04EC0-301F-11D3-BF4B-00C04F79EFBC}") = "Ex5", "Ex5\Ex5.csproj", "{00DEB584-F166-4E1F-9DC4-1A6B45622AF0}"
EndProject
Project("{FAE04EC0-301F-11D3-BF4B-00C04F79EFBC}") = "Ex6", "Ex6\Ex6.csproj", "{33399BCF-9934-4A0C-8ACD-DCC9C8D3CCC8}"
EndProject
Project("{FAE04EC0-301F-11D3-BF4B-00C04F79EFBC}") = "Ex7", "Ex7\Ex7.csproj", "{B639F7BF-1FEF-49C3-95F2-2E371681374D}"
EndProject
Project("{FAE04EC0-301F-11D3-BF4B-00C04F79EFBC}") = "Ex8", "Ex8\Ex8.csproj", "{D81ABC63-B558-4855-95DB-957E244F9A5C}"
EndProject
Project("{FAE04EC0-301F-11D3-BF4B-00C04F79EFBC}") = "Ex9", "Ex9\Ex9.csproj", "{D51C8E86-0256-4CEF-8CBE-56BBE60AF675}"
EndProject
Project("{FAE04EC0-301F-11D3-BF4B-00C04F79EFBC}") = "Ex91", "Ex91\Ex91.csproj", "{EB1C1B9A-DF76-42E3-BB1B-2456ECC341F1}"
EndProject
Project("{FAE04EC0-301F-11D3-BF4B-00C04F79EFBC}") = "Ex92", "Ex92\Ex92.csproj", "{0D8F2DCF-8EAF-4692-8E4D-FD7BD18B4EE6}"
EndProject
Project("{FAE04EC0-301F-11D3-BF4B-00C04F79EFBC}") = "Ex93", "Ex93\Ex93.csproj", "{1128AB7A-2192-4486-8459-3E4866063828}"
EndProject
Global
	GlobalSection(SolutionConfigurationPlatforms) = preSolution
		Debug|x86 = Debug|x86
		Release|x86 = Release|x86
	EndGlobalSection
	GlobalSection(ProjectConfigurationPlatforms) = postSolution
		{8B02C060-968E-4139-9209-8FF49073D022}.Debug|x86.ActiveCfg = Debug|x86
		{8B02C060-968E-4139-9209-8FF49073D022}.Debug|x86.Build.0 = Debug|x86
		{8B02C060-968E-4139-9209-8FF49073D022}.Release|x86.ActiveCfg = Release|x86
		{8B02C060-968E-4139-9209-8FF49073D022}.Release|x86.Build.0 = Release|x86
		{A170DA9F-29F3-415F-BCFD-4914F301250D}.Debug|x86.ActiveCfg = Debug|x86
		{A170DA9F-29F3-415F-BCFD-4914F301250D}.Debug|x86.Build.0 = Debug|x86
		{A170DA9F-29F3-415F-BCFD-4914F301250D}.Release|x86.ActiveCfg = Release|x86
		{A170DA9F-29F3-415F-BCFD-4914F301250D}.Release|x86.Build.0 = Release|x86
		{36614388-0EE9-4C58-BFBB-DD7674641CBB}.Debug|x86.ActiveCfg = Debug|x86
		{36614388-0EE9-4C58-BFBB-DD7674641CBB}.Debug|x86.Build.0 = Debug|x86
		{36614388-0EE9-4C58-BFBB-DD7674641CBB}.Release|x86.ActiveCfg = Release|x86
		{36614388-0EE9-4C58-BFBB-DD7674641CBB}.Release|x86.Build.0 = Release|x86
		{49405BB5-63B9-44A2-BF8C-B4719382E0ED}.Debug|x86.ActiveCfg = Debug|x86
		{49405BB5-63B9-44A2-BF8C-B4719382E0ED}.Debug|x86.Build.0 = Debug|x86
		{49405BB5-63B9-44A2-BF8C-B4719382E0ED}.Release|x86.ActiveCfg = Release|x86
		{49405BB5-63B9-44A2-BF8C-B4719382E0ED}.Release|x86.Build.0 = Release|x86
		{00DEB584-F166-4E1F-9DC4-1A6B45622AF0}.Debug|x86.ActiveCfg = Debug|x86
		{00DEB584-F166-4E1F-9DC4-1A6B45622AF0}.Debug|x86.Build.0 = Debug|x86
		{00DEB584-F166-4E1F-9DC4-1A6B45622AF0}.Release|x86.ActiveCfg = Release|x86
		{00DEB584-F166-4E1F-9DC4-1A6B45622AF0}.Release|x86.Build.0 = Release|x86
		{33399BCF-9934-4A0C-8ACD-DCC9C8D3CCC8}.Debug|x86.ActiveCfg = Debug|x86
		{33399BCF-9934-4A0C-8ACD-DCC9C8D3CCC8}.Debug|x86.Build.0 = Debug|x86
		{33399BCF-9934-4A0C-8ACD-DCC9C8D3CCC8}.Release|x86.ActiveCfg = Release|x86
		{33399BCF-9934-4A0C-8ACD-DCC9C8D3CCC8}.Release|x86.Build.0 = Release|x86
		{B639F7BF-1FEF-49C3-95F2-2E371681374D}.Debug|x86.ActiveCfg = Debug|x86
		{B639F7BF-1FEF-49C3-95F2-2E371681374D}.Debug|x86.Build.0 = Debug|x86
		{B639F7BF-1FEF-49C3-95F2-2E371681374D}.Release|x86.ActiveCfg = Release|x86
		{B639F7BF-1FEF-49C3-95F2-2E371681374D}.Release|x86.Build.0 = Release|x86
		{D81ABC63-B558-4855-95DB-957E244F9A5C}.Debug|x86.ActiveCfg = Debug|x86
		{D81ABC63-B558-4855-95DB-957E244F9A5C}.Debug|x86.Build.0 = Debug|x86
		{D81ABC63-B558-4855-95DB-957E244F9A5C}.Release|x86.ActiveCfg = Release|x86
		{D81ABC63-B558-4855-95DB-957E244F9A5C}.Release|x86.Build.0 = Release|x86
		{D51C8E86-0256-4CEF-8CBE-56BBE60AF675}.Debug|x86.ActiveCfg = Debug|x86
		{D51C8E86-0256-4CEF-8CBE-56BBE60AF675}.Debug|x86.Build.0 = Debug|x86
		{D51C8E86-0256-4CEF-8CBE-56BBE60AF675}.Release|x86.ActiveCfg = Release|x86
		{D51C8E86-0256-4CEF-8CBE-56BBE60AF675}.Release|x86.Build.0 = Release|x86
		{EB1C1B9A-DF76-42E3-BB1B-2456ECC341F1}.Debug|x86.ActiveCfg = Debug|x86
		{EB1C1B9A-DF76-42E3-BB1B-2456ECC341F1}.Debug|x86.Build.0 = Debug|x86
		{EB1C1B9A-DF76-42E3-BB1B-2456ECC341F1}.Release|x86.ActiveCfg = Release|x86
		{EB1C1B9A-DF76-42E3-BB1B-2456ECC341F1}.Release|x86.Build.0 = Release|x86
		{0D8F2DCF-8EAF-4692-8E4D-FD7BD18B4EE6}.Debug|x86.ActiveCfg = Debug|x86
		{0D8F2DCF-8EAF-4692-8E4D-FD7BD18B4EE6}.Debug|x86.Build.0 = Debug|x86
		{0D8F2DCF-8EAF-4692-8E4D-FD7BD18B4EE6}.Release|x86.ActiveCfg = Release|x86
		{0D8F2DCF-8EAF-4692-8E4D-FD7BD18B4EE6}.Release|x86.Build.0 = Release|x86
		{1128AB7A-2192-4486-8459-3E4866063828}.Debug|x86.ActiveCfg = Debug|x86
		{1128AB7A-2192-4486-8459-3E4866063828}.Debug|x86.Build.0 = Debug|x86
		{1128AB7A-2192-4486-8459-3E4866063828}.Release|x86.ActiveCfg = Release|x86
		{1128AB7A-2192-4486-8459-3E4866063828}.Release|x86.Build.0 = Release|x86
	EndGlobalSection
	GlobalSection(SolutionProperties) = preSolution
		HideSolutionNode = FALSE
	EndGlobalSection
EndGlobal
